
Microsoft Visual Studio Solution File, Format Version 12.00
# Visual Studio 15
VisualStudioVersion = 15.0.27130.2026
MinimumVisualStudioVersion = 10.0.40219.1
Project("{FAE04EC0-301F-11D3-BF4B-00C04F79EFBC}") = "ContosoUniversity", "ContosoUniversity\ContosoUniversity.csproj", "{0584FB10-8879-4689-8A66-4CD5896E9443}"
EndProject
Global
	GlobalSection(SolutionConfigurationPlatforms) = preSolution
		Debug|Any CPU = Debug|Any CPU
		Release|Any CPU = Release|Any CPU
	EndGlobalSection
	GlobalSection(ProjectConfigurationPlatforms) = postSolution
		{0584FB10-8879-4689-8A66-4CD5896E9443}.Debug|Any CPU.ActiveCfg = Debug|Any CPU
		{0584FB10-8879-4689-8A66-4CD5896E9443}.Debug|Any CPU.Build.0 = Debug|Any CPU
		{0584FB10-8879-4689-8A66-4CD5896E9443}.Release|Any CPU.ActiveCfg = Release|Any CPU
		{0584FB10-8879-4689-8A66-4CD5896E9443}.Release|Any CPU.Build.0 = Release|Any CPU
	EndGlobalSection
	GlobalSection(SolutionProperties) = preSolution
		HideSolutionNode = FALSE
	EndGlobalSection
	GlobalSection(ExtensibilityGlobals) = postSolution
		SolutionGuid = {4AD9AA81-F4AC-4B5F-9E27-DA4766270001}
	EndGlobalSection
EndGlobal
